
Microsoft Visual Studio Solution File, Format Version 12.00
# Visual Studio Version 17
VisualStudioVersion = 17.7.34031.279
MinimumVisualStudioVersion = 10.0.40219.1
Project("{FAE04EC0-301F-11D3-BF4B-00C04F79EFBC}") = "GUC_SYSTEM", "GUC_SYSTEM.csproj", "{7012F958-E7E3-458E-93A3-684987F2EAF5}"
EndProject
Global
	GlobalSection(SolutionConfigurationPlatforms) = preSolution
		Debug|Any CPU = Debug|Any CPU
		Release|Any CPU = Release|Any CPU
	EndGlobalSection
	GlobalSection(ProjectConfigurationPlatforms) = postSolution
		{7012F958-E7E3-458E-93A3-684987F2EAF5}.Debug|Any CPU.ActiveCfg = Debug|Any CPU
		{7012F958-E7E3-458E-93A3-684987F2EAF5}.Debug|Any CPU.Build.0 = Debug|Any CPU
		{7012F958-E7E3-458E-93A3-684987F2EAF5}.Release|Any CPU.ActiveCfg = Release|Any CPU
		{7012F958-E7E3-458E-93A3-684987F2EAF5}.Release|Any CPU.Build.0 = Release|Any CPU
	EndGlobalSection
	GlobalSection(SolutionProperties) = preSolution
		HideSolutionNode = FALSE
	EndGlobalSection
	GlobalSection(ExtensibilityGlobals) = postSolution
		SolutionGuid = {781E9535-6852-4BA1-A9F4-C6EF10746A81}
	EndGlobalSection
EndGlobal
